{
  "name": "@rinse/core",
  "version": "0.1.0",
  "lockfileVersion": 3,
  "requires": true,
  "packages": {
    "": {
      "name": "@rinse/core",
      "version": "0.1.0",
      "dependencies": {
        "libphonenumber-js": "^1.13.8",
        "zod": "^4.4.3"
      },
      "devDependencies": {
        "typescript": "~5.8.3"
      }
    },
    "node_modules/libphonenumber-js": {
      "version": "1.13.13",
      "resolved": "https://registry.npmjs.org/libphonenumber-js/-/libphonenumber-js-1.13.13.tgz",
      "integrity": "sha512-hV6SmWnyQ8U1QXhhqbqYBHIStNnscG7A5XbGodgdHhf/8N5PwhYpJA5U/yHDjYwPYTd8uNGXqq416XctuvK2PA==",
      "license": "MIT"
    },
    "node_modules/typescript": {
      "version": "5.8.3",
      "resolved": "https://registry.npmjs.org/typescript/-/typescript-5.8.3.tgz",
      "integrity": "sha512-p1diW6TqL9L07nNxvRMM7hMMw4c5XOo/1ibL4aAIGmSAt9slTE1Xgw5KWuof2uTOvCg9BY7ZRi+GaF+7sfgPeQ==",
      "dev": true,
      "license": "Apache-2.0",
      "bin": {
        "tsc": "bin/tsc",
        "tsserver": "bin/tsserver"
      },
      "engines": {
        "node": ">=14.17"
      }
    },
    "node_modules/zod": {
      "version": "4.4.3",
      "resolved": "https://registry.npmjs.org/zod/-/zod-4.4.3.tgz",
      "integrity": "sha512-ytENFjIJFl2UwYglde2jchW2Hwm4GJFLDiSXWdTrJQBIN9Fcyp7n4DhxJEiWNAJMV1/BqWfW/kkg71UDcHJyTQ==",
      "license": "MIT",
      "funding": {
        "url": "https://github.com/sponsors/colinhacks"
      }
    }
  }
}
